
Microsoft Visual Studio Solution File, Format Version 12.00
# Visual Studio Version 17
VisualStudioVersion = 17.5.33424.131
MinimumVisualStudioVersion = 10.0.40219.1
Project("{9A19103F-16F7-4668-BE54-9A1E7A4F7556}") = "ProductManagement", "ProductManagement.csproj", "{66D8878F-1B7D-4880-A575-25E4B4CD3DE6}"
EndProject
Project("{9A19103F-16F7-4668-BE54-9A1E7A4F7556}") = "Database", "..\..\..\..\..\source\repos\NewRepo\Database\Database.csproj", "{1F321701-A2D5-4B86-9DF6-786BCB78FF5D}"
EndProject
Project("{9A19103F-16F7-4668-BE54-9A1E7A4F7556}") = "Domain", "..\..\..\..\..\source\repos\NewRepo\Domain\Domain.csproj", "{C572B51B-7730-4B85-8CEF-0EE006F384DE}"
EndProject
Project("{9A19103F-16F7-4668-BE54-9A1E7A4F7556}") = "Infrastructure", "..\..\..\..\..\source\repos\NewRepo\Services\Infrastructure.csproj", "{3CBF7D64-B044-4C4D-A88F-65BF733FA9E1}"
EndProject
Global
	GlobalSection(SolutionConfigurationPlatforms) = preSolution
		Debug|Any CPU = Debug|Any CPU
		Release|Any CPU = Release|Any CPU
	EndGlobalSection
	GlobalSection(ProjectConfigurationPlatforms) = postSolution
		{66D8878F-1B7D-4880-A575-25E4B4CD3DE6}.Debug|Any CPU.ActiveCfg = Debug|Any CPU
		{66D8878F-1B7D-4880-A575-25E4B4CD3DE6}.Debug|Any CPU.Build.0 = Debug|Any CPU
		{66D8878F-1B7D-4880-A575-25E4B4CD3DE6}.Release|Any CPU.ActiveCfg = Release|Any CPU
		{66D8878F-1B7D-4880-A575-25E4B4CD3DE6}.Release|Any CPU.Build.0 = Release|Any CPU
		{1F321701-A2D5-4B86-9DF6-786BCB78FF5D}.Debug|Any CPU.ActiveCfg = Debug|Any CPU
		{1F321701-A2D5-4B86-9DF6-786BCB78FF5D}.Debug|Any CPU.Build.0 = Debug|Any CPU
		{1F321701-A2D5-4B86-9DF6-786BCB78FF5D}.Release|Any CPU.ActiveCfg = Release|Any CPU
		{1F321701-A2D5-4B86-9DF6-786BCB78FF5D}.Release|Any CPU.Build.0 = Release|Any CPU
		{C572B51B-7730-4B85-8CEF-0EE006F384DE}.Debug|Any CPU.ActiveCfg = Debug|Any CPU
		{C572B51B-7730-4B85-8CEF-0EE006F384DE}.Debug|Any CPU.Build.0 = Debug|Any CPU
		{C572B51B-7730-4B85-8CEF-0EE006F384DE}.Release|Any CPU.ActiveCfg = Release|Any CPU
		{C572B51B-7730-4B85-8CEF-0EE006F384DE}.Release|Any CPU.Build.0 = Release|Any CPU
		{3CBF7D64-B044-4C4D-A88F-65BF733FA9E1}.Debug|Any CPU.ActiveCfg = Debug|Any CPU
		{3CBF7D64-B044-4C4D-A88F-65BF733FA9E1}.Debug|Any CPU.Build.0 = Debug|Any CPU
		{3CBF7D64-B044-4C4D-A88F-65BF733FA9E1}.Release|Any CPU.ActiveCfg = Release|Any CPU
		{3CBF7D64-B044-4C4D-A88F-65BF733FA9E1}.Release|Any CPU.Build.0 = Release|Any CPU
	EndGlobalSection
	GlobalSection(SolutionProperties) = preSolution
		HideSolutionNode = FALSE
	EndGlobalSection
	GlobalSection(ExtensibilityGlobals) = postSolution
		SolutionGuid = {2BFCC3F5-F119-4C33-8BE3-113A96599CD0}
	EndGlobalSection
EndGlobal
